{
  "originHash" : "2ba65d73dffda6a4ee0542f44719a04f6d5a65932118b90d545874e0cb489af2",
  "pins" : [
    {
      "identity" : "swift-docc-plugin",
      "kind" : "remoteSourceControl",
      "location" : "https://github.com/swiftlang/swift-docc-plugin",
      "state" : {
        "revision" : "647c708be89f834fa6a6d4945442793a77ddf5b6",
        "version" : "1.5.0"
      }
    },
    {
      "identity" : "swift-docc-symbolkit",
      "kind" : "remoteSourceControl",
      "location" : "https://github.com/swiftlang/swift-docc-symbolkit",
      "state" : {
        "revision" : "b45d1f2ed151d057b54504d653e0da5552844e34",
        "version" : "1.0.0"
      }
    },
    {
      "identity" : "swiftdeterminism",
      "kind" : "remoteSourceControl",
      "location" : "https://github.com/jpurnell/SwiftDeterminism.git",
      "state" : {
        "revision" : "7e90f19fd1c93166c7b6b47060747c5c94fa8d1f",
        "version" : "1.0.0"
      }
    }
  ],
  "version" : 3
}
